PODS:
  - Flutter (1.0.0)
  - image_picker (0.0.1):
    - Flutter
  - speech_to_text (0.0.1):
    - Flutter
    - Try
  - Try (2.1.1)
  - url_launcher (0.0.1):
    - Flutter
  - webview_flutter (0.0.1):
    - Flutter
  - ym_flutter_integration (0.0.1):
    - Flutter

DEPENDENCIES:
  - Flutter (from `Flutter`)
  - image_picker (from `.symlinks/plugins/image_picker/ios`)
  - speech_to_text (from `.symlinks/plugins/speech_to_text/ios`)
  - url_launcher (from `.symlinks/plugins/url_launcher/ios`)
  - webview_flutter (from `.symlinks/plugins/webview_flutter/ios`)
  - ym_flutter_integration (from `.symlinks/plugins/ym_flutter_integration/ios`)

SPEC REPOS:
  trunk:
    - Try

EXTERNAL SOURCES:
  Flutter:
    :path: Flutter
  image_picker:
    :path: ".symlinks/plugins/image_picker/ios"
  speech_to_text:
    :path: ".symlinks/plugins/speech_to_text/ios"
  url_launcher:
    :path: ".symlinks/plugins/url_launcher/ios"
  webview_flutter:
    :path: ".symlinks/plugins/webview_flutter/ios"
  ym_flutter_integration:
    :path: ".symlinks/plugins/ym_flutter_integration/ios"

SPEC CHECKSUMS:
  Flutter: 434fef37c0980e73bb6479ef766c45957d4b510c
  image_picker: e06f7a68f000bd36f552c1847e33cda96ed31f1f
  speech_to_text: b43a7d99aef037bd758ed8e45d79bbac035d2dfe
  Try: 5ef669ae832617b3cee58cb2c6f99fb767a4ff96
  url_launcher: 6fef411d543ceb26efce54b05a0a40bfd74cbbef
  webview_flutter: 9f491a9b5a66f2573946a389b2677987b0ff8c0b
  ym_flutter_integration: cf50b6d4656de80ef6da666033c32e66b53f1bde

PODFILE CHECKSUM: aafe91acc616949ddb318b77800a7f51bffa2a4c

COCOAPODS: 1.10.1
